// !$*UTF8*$!
{
	archiveVersion = 1;
	classes = {
	};
	objectVersion = 77;
	objects = {

/* Begin PBXBuildFile section */
		A10000000000000000000010 /* SVG_GlanceApp.swift in Sources */ = {isa = PBXBuildFile; fileRef = A10000000000000000000020 /* SVG_GlanceApp.swift */; };
		A10000000000000000000011 /* ContentView.swift in Sources */ = {isa = PBXBuildFile; fileRef = A10000000000000000000021 /* ContentView.swift */; };
		A10000000000000000000012 /* AppDelegate.swift in Sources */ = {isa = PBXBuildFile; fileRef = A10000000000000000000022 /* AppDelegate.swift */; };
		A10000000000000000000013 /* Assets.xcassets in Resources */ = {isa = PBXBuildFile; fileRef = A10000000000000000000023 /* Assets.xcassets */; };
		A10000000000000000000034 /* SVGIconRenderer.swift in Sources */ = {isa = PBXBuildFile; fileRef = A10000000000000000000036 /* SVGIconRenderer.swift */; };
		A10000000000000000000035 /* SVGViewerWindowController.swift in Sources */ = {isa = PBXBuildFile; fileRef = A10000000000000000000037 /* SVGViewerWindowController.swift */; };
		A10000000000000000000038 /* SVGlanceSVGRenderer.swift in Sources */ = {isa = PBXBuildFile; fileRef = A1000000000000000000002B /* SVGlanceSVGRenderer.swift */; };
		A10000000000000000000039 /* WebKit.framework in Frameworks */ = {isa = PBXBuildFile; fileRef = A1000000000000000000002C /* WebKit.framework */; };
		A10000000000000000000014 /* PreviewViewController.swift in Sources */ = {isa = PBXBuildFile; fileRef = A10000000000000000000025 /* PreviewViewController.swift */; };
		A10000000000000000000015 /* SVGlanceSVGRenderer.swift in Sources */ = {isa = PBXBuildFile; fileRef = A1000000000000000000002B /* SVGlanceSVGRenderer.swift */; };
		A10000000000000000000016 /* WebKit.framework in Frameworks */ = {isa = PBXBuildFile; fileRef = A1000000000000000000002C /* WebKit.framework */; };
		A10000000000000000000017 /* Quartz.framework in Frameworks */ = {isa = PBXBuildFile; fileRef = A1000000000000000000002D /* Quartz.framework */; };
		A10000000000000000000018 /* ThumbnailProvider.swift in Sources */ = {isa = PBXBuildFile; fileRef = A10000000000000000000028 /* ThumbnailProvider.swift */; };
		A10000000000000000000019 /* SVGlanceSVGRenderer.swift in Sources */ = {isa = PBXBuildFile; fileRef = A1000000000000000000002B /* SVGlanceSVGRenderer.swift */; };
		A1000000000000000000001A /* QuickLookThumbnailing.framework in Frameworks */ = {isa = PBXBuildFile; fileRef = A1000000000000000000002E /* QuickLookThumbnailing.framework */; };
		A1000000000000000000001C /* Quartz.framework in Frameworks */ = {isa = PBXBuildFile; fileRef = A1000000000000000000002D /* Quartz.framework */; };
		A1000000000000000000001D /* SVGlanceQuickLook.appex in Embed App Extensions */ = {isa = PBXBuildFile; fileRef = A10000000000000000000001 /* SVGlanceQuickLook.appex */; settings = {ATTRIBUTES = (CodeSignOnCopy, RemoveHeadersOnCopy, ); }; };
		A1000000000000000000001E /* SVGlanceThumbnail.appex in Embed App Extensions */ = {isa = PBXBuildFile; fileRef = A10000000000000000000002 /* SVGlanceThumbnail.appex */; settings = {ATTRIBUTES = (CodeSignOnCopy, RemoveHeadersOnCopy, ); }; };
/* End PBXBuildFile section */

/* Begin PBXContainerItemProxy section */
		A10000000000000000000050 /* PBXContainerItemProxy */ = {
			isa = PBXContainerItemProxy;
			containerPortal = 118AE0152FCF2F85003D1C41 /* Project object */;
			proxyType = 1;
			remoteGlobalIDString = A10000000000000000000060;
			remoteInfo = SVGlanceQuickLook;
		};
		A10000000000000000000052 /* PBXContainerItemProxy */ = {
			isa = PBXContainerItemProxy;
			containerPortal = 118AE0152FCF2F85003D1C41 /* Project object */;
			proxyType = 1;
			remoteGlobalIDString = A10000000000000000000061;
			remoteInfo = SVGlanceThumbnail;
		};
/* End PBXContainerItemProxy section */

/* Begin PBXCopyFilesBuildPhase section */
		A10000000000000000000040 /* Embed App Extensions */ = {
			isa = PBXCopyFilesBuildPhase;
			buildActionMask = 2147483647;
			dstPath = "";
			dstSubfolderSpec = 13;
			files = (
				A1000000000000000000001D /* SVGlanceQuickLook.appex in Embed App Extensions */,
				A1000000000000000000001E /* SVGlanceThumbnail.appex in Embed App Extensions */,
			);
			name = "Embed App Extensions";
			runOnlyForDeploymentPostprocessing = 0;
		};
/* End PBXCopyFilesBuildPhase section */

/* Begin PBXFileReference section */
		118AE01D2FCF2F85003D1C41 /* SVGlance.app */ = {isa = PBXFileReference; explicitFileType = wrapper.application; includeInIndex = 0; path = SVGlance.app; sourceTree = BUILT_PRODUCTS_DIR; };
		A10000000000000000000001 /* SVGlanceQuickLook.appex */ = {isa = PBXFileReference; explicitFileType = "wrapper.app-extension"; includeInIndex = 0; path = SVGlanceQuickLook.appex; sourceTree = BUILT_PRODUCTS_DIR; };
		A10000000000000000000002 /* SVGlanceThumbnail.appex */ = {isa = PBXFileReference; explicitFileType = "wrapper.app-extension"; includeInIndex = 0; path = SVGlanceThumbnail.appex; sourceTree = BUILT_PRODUCTS_DIR; };
		A10000000000000000000020 /* SVG_GlanceApp.swift */ = {isa = PBXFileReference; lastKnownFileType = sourcecode.swift; path = SVG_GlanceApp.swift; sourceTree = "<group>"; };
		A10000000000000000000021 /* ContentView.swift */ = {isa = PBXFileReference; lastKnownFileType = sourcecode.swift; path = ContentView.swift; sourceTree = "<group>"; };
		A10000000000000000000022 /* AppDelegate.swift */ = {isa = PBXFileReference; lastKnownFileType = sourcecode.swift; path = AppDelegate.swift; sourceTree = "<group>"; };
		A10000000000000000000023 /* Assets.xcassets */ = {isa = PBXFileReference; lastKnownFileType = folder.assetcatalog; path = Assets.xcassets; sourceTree = "<group>"; };
		A10000000000000000000024 /* SVGlance.entitlements */ = {isa = PBXFileReference; lastKnownFileType = text.plist.entitlements; path = SVGlance.entitlements; sourceTree = "<group>"; };
		A10000000000000000000036 /* SVGIconRenderer.swift */ = {isa = PBXFileReference; lastKnownFileType = sourcecode.swift; path = SVGIconRenderer.swift; sourceTree = "<group>"; };
		A10000000000000000000037 /* SVGViewerWindowController.swift */ = {isa = PBXFileReference; lastKnownFileType = sourcecode.swift; path = SVGViewerWindowController.swift; sourceTree = "<group>"; };
		A10000000000000000000025 /* PreviewViewController.swift */ = {isa = PBXFileReference; lastKnownFileType = sourcecode.swift; path = PreviewViewController.swift; sourceTree = "<group>"; };
		A10000000000000000000026 /* Info.plist */ = {isa = PBXFileReference; lastKnownFileType = text.plist.xml; path = Info.plist; sourceTree = "<group>"; };
		A10000000000000000000027 /* SVGlanceQuickLook.entitlements */ = {isa = PBXFileReference; lastKnownFileType = text.plist.entitlements; path = SVGlanceQuickLook.entitlements; sourceTree = "<group>"; };
		A10000000000000000000028 /* ThumbnailProvider.swift */ = {isa = PBXFileReference; lastKnownFileType = sourcecode.swift; path = ThumbnailProvider.swift; sourceTree = "<group>"; };
		A10000000000000000000029 /* Info.plist */ = {isa = PBXFileReference; lastKnownFileType = text.plist.xml; path = Info.plist; sourceTree = "<group>"; };
		A1000000000000000000002A /* SVGlanceThumbnail.entitlements */ = {isa = PBXFileReference; lastKnownFileType = text.plist.entitlements; path = SVGlanceThumbnail.entitlements; sourceTree = "<group>"; };
		A1000000000000000000002B /* SVGlanceSVGRenderer.swift */ = {isa = PBXFileReference; lastKnownFileType = sourcecode.swift; path = SVGlanceSVGRenderer.swift; sourceTree = "<group>"; };
		A1000000000000000000002C /* WebKit.framework */ = {isa = PBXFileReference; lastKnownFileType = wrapper.framework; name = WebKit.framework; path = System/Library/Frameworks/WebKit.framework; sourceTree = SDKROOT; };
		A1000000000000000000002D /* Quartz.framework */ = {isa = PBXFileReference; lastKnownFileType = wrapper.framework; name = Quartz.framework; path = System/Library/Frameworks/Quartz.framework; sourceTree = SDKROOT; };
		A1000000000000000000002E /* QuickLookThumbnailing.framework */ = {isa = PBXFileReference; lastKnownFileType = wrapper.framework; name = QuickLookThumbnailing.framework; path = System/Library/Frameworks/QuickLookThumbnailing.framework; sourceTree = SDKROOT; };
		A1000000000000000000002F /* Info.plist */ = {isa = PBXFileReference; lastKnownFileType = text.plist.xml; path = Info.plist; sourceTree = "<group>"; };
/* End PBXFileReference section */

/* Begin PBXFrameworksBuildPhase section */
		118AE01A2FCF2F85003D1C41 /* Frameworks */ = {
			isa = PBXFrameworksBuildPhase;
			buildActionMask = 2147483647;
			files = (
				A10000000000000000000039 /* WebKit.framework in Frameworks */,
			);
			runOnlyForDeploymentPostprocessing = 0;
		};
		A10000000000000000000042 /* Frameworks */ = {
			isa = PBXFrameworksBuildPhase;
			buildActionMask = 2147483647;
			files = (
				A10000000000000000000016 /* WebKit.framework in Frameworks */,
				A10000000000000000000017 /* Quartz.framework in Frameworks */,
			);
			runOnlyForDeploymentPostprocessing = 0;
		};
		A10000000000000000000045 /* Frameworks */ = {
			isa = PBXFrameworksBuildPhase;
			buildActionMask = 2147483647;
			files = (
				A1000000000000000000001A /* QuickLookThumbnailing.framework in Frameworks */,
				A1000000000000000000001C /* Quartz.framework in Frameworks */,
			);
			runOnlyForDeploymentPostprocessing = 0;
		};
/* End PBXFrameworksBuildPhase section */

/* Begin PBXGroup section */
		118AE0142FCF2F85003D1C41 = {
			isa = PBXGroup;
			children = (
				118AE01F2FCF2F85003D1C41 /* SVG Glance */,
				A10000000000000000000030 /* SVGlanceQuickLook */,
				A10000000000000000000031 /* SVGlanceThumbnail */,
				A10000000000000000000032 /* SVGlanceShared */,
				A10000000000000000000033 /* Frameworks */,
				118AE01E2FCF2F85003D1C41 /* Products */,
			);
			sourceTree = "<group>";
		};
		118AE01E2FCF2F85003D1C41 /* Products */ = {
			isa = PBXGroup;
			children = (
				118AE01D2FCF2F85003D1C41 /* SVGlance.app */,
				A10000000000000000000001 /* SVGlanceQuickLook.appex */,
				A10000000000000000000002 /* SVGlanceThumbnail.appex */,
			);
			name = Products;
			sourceTree = "<group>";
		};
		118AE01F2FCF2F85003D1C41 /* SVG Glance */ = {
			isa = PBXGroup;
			children = (
				A10000000000000000000020 /* SVG_GlanceApp.swift */,
				A10000000000000000000021 /* ContentView.swift */,
				A10000000000000000000022 /* AppDelegate.swift */,
				A10000000000000000000036 /* SVGIconRenderer.swift */,
				A10000000000000000000037 /* SVGViewerWindowController.swift */,
				A10000000000000000000023 /* Assets.xcassets */,
				A1000000000000000000002F /* Info.plist */,
				A10000000000000000000024 /* SVGlance.entitlements */,
			);
			path = "SVG Glance";
			sourceTree = "<group>";
		};
		A10000000000000000000030 /* SVGlanceQuickLook */ = {
			isa = PBXGroup;
			children = (
				A10000000000000000000025 /* PreviewViewController.swift */,
				A10000000000000000000026 /* Info.plist */,
				A10000000000000000000027 /* SVGlanceQuickLook.entitlements */,
			);
			path = SVGlanceQuickLook;
			sourceTree = "<group>";
		};
		A10000000000000000000031 /* SVGlanceThumbnail */ = {
			isa = PBXGroup;
			children = (
				A10000000000000000000028 /* ThumbnailProvider.swift */,
				A10000000000000000000029 /* Info.plist */,
				A1000000000000000000002A /* SVGlanceThumbnail.entitlements */,
			);
			path = SVGlanceThumbnail;
			sourceTree = "<group>";
		};
		A10000000000000000000032 /* SVGlanceShared */ = {
			isa = PBXGroup;
			children = (
				A1000000000000000000002B /* SVGlanceSVGRenderer.swift */,
			);
			path = SVGlanceShared;
			sourceTree = "<group>";
		};
		A10000000000000000000033 /* Frameworks */ = {
			isa = PBXGroup;
			children = (
				A1000000000000000000002E /* QuickLookThumbnailing.framework */,
				A1000000000000000000002D /* Quartz.framework */,
				A1000000000000000000002C /* WebKit.framework */,
			);
			name = Frameworks;
			sourceTree = "<group>";
		};
/* End PBXGroup section */

/* Begin PBXNativeTarget section */
		118AE01C2FCF2F85003D1C41 /* SVGlance */ = {
			isa = PBXNativeTarget;
			buildConfigurationList = 118AE0282FCF2F87003D1C41 /* Build configuration list for PBXNativeTarget "SVGlance" */;
			buildPhases = (
				118AE0192FCF2F85003D1C41 /* Sources */,
				118AE01A2FCF2F85003D1C41 /* Frameworks */,
				118AE01B2FCF2F85003D1C41 /* Resources */,
				A10000000000000000000040 /* Embed App Extensions */,
			);
			buildRules = (
			);
			dependencies = (
				A10000000000000000000051 /* PBXTargetDependency */,
				A10000000000000000000053 /* PBXTargetDependency */,
			);
			name = SVGlance;
			packageProductDependencies = (
			);
			productName = SVGlance;
			productReference = 118AE01D2FCF2F85003D1C41 /* SVGlance.app */;
			productType = "com.apple.product-type.application";
		};
		A10000000000000000000060 /* SVGlanceQuickLook */ = {
			isa = PBXNativeTarget;
			buildConfigurationList = A10000000000000000000070 /* Build configuration list for PBXNativeTarget "SVGlanceQuickLook" */;
			buildPhases = (
				A10000000000000000000041 /* Sources */,
				A10000000000000000000042 /* Frameworks */,
				A10000000000000000000043 /* Resources */,
			);
			buildRules = (
			);
			dependencies = (
			);
			name = SVGlanceQuickLook;
			packageProductDependencies = (
			);
			productName = SVGlanceQuickLook;
			productReference = A10000000000000000000001 /* SVGlanceQuickLook.appex */;
			productType = "com.apple.product-type.app-extension";
		};
		A10000000000000000000061 /* SVGlanceThumbnail */ = {
			isa = PBXNativeTarget;
			buildConfigurationList = A10000000000000000000073 /* Build configuration list for PBXNativeTarget "SVGlanceThumbnail" */;
			buildPhases = (
				A10000000000000000000044 /* Sources */,
				A10000000000000000000045 /* Frameworks */,
				A10000000000000000000046 /* Resources */,
			);
			buildRules = (
			);
			dependencies = (
			);
			name = SVGlanceThumbnail;
			packageProductDependencies = (
			);
			productName = SVGlanceThumbnail;
			productReference = A10000000000000000000002 /* SVGlanceThumbnail.appex */;
			productType = "com.apple.product-type.app-extension";
		};
/* End PBXNativeTarget section */

/* Begin PBXProject section */
		118AE0152FCF2F85003D1C41 /* Project object */ = {
			isa = PBXProject;
			attributes = {
				BuildIndependentTargetsInParallel = 1;
				LastSwiftUpdateCheck = 2640;
				LastUpgradeCheck = 2640;
				TargetAttributes = {
					118AE01C2FCF2F85003D1C41 = {
						CreatedOnToolsVersion = 26.4.1;
					};
					A10000000000000000000060 = {
						CreatedOnToolsVersion = 26.4.1;
					};
					A10000000000000000000061 = {
						CreatedOnToolsVersion = 26.4.1;
					};
				};
			};
			buildConfigurationList = 118AE0182FCF2F85003D1C41 /* Build configuration list for PBXProject "SVG Glance" */;
			developmentRegion = en;
			hasScannedForEncodings = 0;
			knownRegions = (
				en,
				Base,
			);
			mainGroup = 118AE0142FCF2F85003D1C41;
			minimizedProjectReferenceProxies = 1;
			preferredProjectObjectVersion = 77;
			productRefGroup = 118AE01E2FCF2F85003D1C41 /* Products */;
			projectDirPath = "";
			projectRoot = "";
			targets = (
				118AE01C2FCF2F85003D1C41 /* SVGlance */,
				A10000000000000000000060 /* SVGlanceQuickLook */,
				A10000000000000000000061 /* SVGlanceThumbnail */,
			);
		};
/* End PBXProject section */

/* Begin PBXResourcesBuildPhase section */
		118AE01B2FCF2F85003D1C41 /* Resources */ = {
			isa = PBXResourcesBuildPhase;
			buildActionMask = 2147483647;
			files = (
				A10000000000000000000013 /* Assets.xcassets in Resources */,
			);
			runOnlyForDeploymentPostprocessing = 0;
		};
		A10000000000000000000043 /* Resources */ = {
			isa = PBXResourcesBuildPhase;
			buildActionMask = 2147483647;
			files = (
			);
			runOnlyForDeploymentPostprocessing = 0;
		};
		A10000000000000000000046 /* Resources */ = {
			isa = PBXResourcesBuildPhase;
			buildActionMask = 2147483647;
			files = (
			);
			runOnlyForDeploymentPostprocessing = 0;
		};
/* End PBXResourcesBuildPhase section */

/* Begin PBXSourcesBuildPhase section */
		118AE0192FCF2F85003D1C41 /* Sources */ = {
			isa = PBXSourcesBuildPhase;
			buildActionMask = 2147483647;
			files = (
				A10000000000000000000010 /* SVG_GlanceApp.swift in Sources */,
				A10000000000000000000011 /* ContentView.swift in Sources */,
				A10000000000000000000012 /* AppDelegate.swift in Sources */,
				A10000000000000000000034 /* SVGIconRenderer.swift in Sources */,
				A10000000000000000000035 /* SVGViewerWindowController.swift in Sources */,
				A10000000000000000000038 /* SVGlanceSVGRenderer.swift in Sources */,
			);
			runOnlyForDeploymentPostprocessing = 0;
		};
		A10000000000000000000041 /* Sources */ = {
			isa = PBXSourcesBuildPhase;
			buildActionMask = 2147483647;
			files = (
				A10000000000000000000014 /* PreviewViewController.swift in Sources */,
				A10000000000000000000015 /* SVGlanceSVGRenderer.swift in Sources */,
			);
			runOnlyForDeploymentPostprocessing = 0;
		};
		A10000000000000000000044 /* Sources */ = {
			isa = PBXSourcesBuildPhase;
			buildActionMask = 2147483647;
			files = (
				A10000000000000000000018 /* ThumbnailProvider.swift in Sources */,
				A10000000000000000000019 /* SVGlanceSVGRenderer.swift in Sources */,
			);
			runOnlyForDeploymentPostprocessing = 0;
		};
/* End PBXSourcesBuildPhase section */

/* Begin PBXTargetDependency section */
		A10000000000000000000051 /* PBXTargetDependency */ = {
			isa = PBXTargetDependency;
			target = A10000000000000000000060 /* SVGlanceQuickLook */;
			targetProxy = A10000000000000000000050 /* PBXContainerItemProxy */;
		};
		A10000000000000000000053 /* PBXTargetDependency */ = {
			isa = PBXTargetDependency;
			target = A10000000000000000000061 /* SVGlanceThumbnail */;
			targetProxy = A10000000000000000000052 /* PBXContainerItemProxy */;
		};
/* End PBXTargetDependency section */

/* Begin XCBuildConfiguration section */
		118AE0262FCF2F87003D1C41 /* Debug */ = {
			isa = XCBuildConfiguration;
			buildSettings = {
				ALWAYS_SEARCH_USER_PATHS = NO;
				CLANG_ANALYZER_NONNULL = YES;
				CLANG_ANALYZER_NUMBER_OBJECT_CONVERSION = YES_AGGRESSIVE;
				CLANG_CXX_LANGUAGE_STANDARD = "gnu++20";
				CLANG_ENABLE_MODULES = YES;
				CLANG_ENABLE_OBJC_ARC = YES;
				CLANG_ENABLE_OBJC_WEAK = YES;
				CLANG_WARN_BLOCK_CAPTURE_AUTORELEASING = YES;
				CLANG_WARN_BOOL_CONVERSION = YES;
				CLANG_WARN_COMMA = YES;
				CLANG_WARN_CONSTANT_CONVERSION = YES;
				CLANG_WARN_DEPRECATED_OBJC_IMPLEMENTATIONS = YES;
				CLANG_WARN_DIRECT_OBJC_ISA_USAGE = YES_ERROR;
				CLANG_WARN_DOCUMENTATION_COMMENTS = YES;
				CLANG_WARN_EMPTY_BODY = YES;
				CLANG_WARN_ENUM_CONVERSION = YES;
				CLANG_WARN_INFINITE_RECURSION = YES;
				CLANG_WARN_INT_CONVERSION = YES;
				CLANG_WARN_NON_LITERAL_NULL_CONVERSION = YES;
				CLANG_WARN_OBJC_IMPLICIT_RETAIN_SELF = YES;
				CLANG_WARN_OBJC_LITERAL_CONVERSION = YES;
				CLANG_WARN_OBJC_ROOT_CLASS = YES_ERROR;
				CLANG_WARN_QUOTED_INCLUDE_IN_FRAMEWORK_HEADER = YES;
				CLANG_WARN_RANGE_LOOP_ANALYSIS = YES;
				CLANG_WARN_STRICT_PROTOTYPES = YES;
				CLANG_WARN_SUSPICIOUS_MOVE = YES;
				CLANG_WARN_UNGUARDED_AVAILABILITY = YES_AGGRESSIVE;
				CLANG_WARN_UNREACHABLE_CODE = YES;
				CLANG_WARN__DUPLICATE_METHOD_MATCH = YES;
				COPY_PHASE_STRIP = NO;
				DEBUG_INFORMATION_FORMAT = dwarf;
				DEVELOPMENT_TEAM = 2M22F8FTD7;
				ENABLE_STRICT_OBJC_MSGSEND = YES;
				ENABLE_TESTABILITY = YES;
				ENABLE_USER_SCRIPT_SANDBOXING = YES;
				GCC_C_LANGUAGE_STANDARD = gnu17;
				GCC_DYNAMIC_NO_PIC = NO;
				GCC_NO_COMMON_BLOCKS = YES;
				GCC_OPTIMIZATION_LEVEL = 0;
				GCC_PREPROCESSOR_DEFINITIONS = (
					"DEBUG=1",
					"$(inherited)",
				);
				GCC_WARN_64_TO_32_BIT_CONVERSION = YES;
				GCC_WARN_ABOUT_RETURN_TYPE = YES_ERROR;
				GCC_WARN_UNDECLARED_SELECTOR = YES;
				GCC_WARN_UNINITIALIZED_AUTOS = YES_AGGRESSIVE;
				GCC_WARN_UNUSED_FUNCTION = YES;
				GCC_WARN_UNUSED_VARIABLE = YES;
				LOCALIZATION_PREFERS_STRING_CATALOGS = YES;
				MACOSX_DEPLOYMENT_TARGET = 13.0;
				MTL_ENABLE_DEBUG_INFO = INCLUDE_SOURCE;
				MTL_FAST_MATH = YES;
				ONLY_ACTIVE_ARCH = YES;
				SDKROOT = macosx;
				SWIFT_ACTIVE_COMPILATION_CONDITIONS = "DEBUG $(inherited)";
				SWIFT_OPTIMIZATION_LEVEL = "-Onone";
				SWIFT_VERSION = 5.9;
			};
			name = Debug;
		};
		118AE0272FCF2F87003D1C41 /* Release */ = {
			isa = XCBuildConfiguration;
			buildSettings = {
				ALWAYS_SEARCH_USER_PATHS = NO;
				CLANG_ANALYZER_NONNULL = YES;
				CLANG_ANALYZER_NUMBER_OBJECT_CONVERSION = YES_AGGRESSIVE;
				CLANG_CXX_LANGUAGE_STANDARD = "gnu++20";
				CLANG_ENABLE_MODULES = YES;
				CLANG_ENABLE_OBJC_ARC = YES;
				CLANG_ENABLE_OBJC_WEAK = YES;
				CLANG_WARN_BLOCK_CAPTURE_AUTORELEASING = YES;
				CLANG_WARN_BOOL_CONVERSION = YES;
				CLANG_WARN_COMMA = YES;
				CLANG_WARN_CONSTANT_CONVERSION = YES;
				CLANG_WARN_DEPRECATED_OBJC_IMPLEMENTATIONS = YES;
				CLANG_WARN_DIRECT_OBJC_ISA_USAGE = YES_ERROR;
				CLANG_WARN_DOCUMENTATION_COMMENTS = YES;
				CLANG_WARN_EMPTY_BODY = YES;
				CLANG_WARN_ENUM_CONVERSION = YES;
				CLANG_WARN_INFINITE_RECURSION = YES;
				CLANG_WARN_INT_CONVERSION = YES;
				CLANG_WARN_NON_LITERAL_NULL_CONVERSION = YES;
				CLANG_WARN_OBJC_IMPLICIT_RETAIN_SELF = YES;
				CLANG_WARN_OBJC_LITERAL_CONVERSION = YES;
				CLANG_WARN_OBJC_ROOT_CLASS = YES_ERROR;
				CLANG_WARN_QUOTED_INCLUDE_IN_FRAMEWORK_HEADER = YES;
				CLANG_WARN_RANGE_LOOP_ANALYSIS = YES;
				CLANG_WARN_STRICT_PROTOTYPES = YES;
				CLANG_WARN_SUSPICIOUS_MOVE = YES;
				CLANG_WARN_UNGUARDED_AVAILABILITY = YES_AGGRESSIVE;
				CLANG_WARN_UNREACHABLE_CODE = YES;
				CLANG_WARN__DUPLICATE_METHOD_MATCH = YES;
				COPY_PHASE_STRIP = NO;
				DEBUG_INFORMATION_FORMAT = "dwarf-with-dsym";
				DEVELOPMENT_TEAM = 2M22F8FTD7;
				ENABLE_NS_ASSERTIONS = NO;
				ENABLE_STRICT_OBJC_MSGSEND = YES;
				ENABLE_USER_SCRIPT_SANDBOXING = YES;
				GCC_C_LANGUAGE_STANDARD = gnu17;
				GCC_NO_COMMON_BLOCKS = YES;
				GCC_WARN_64_TO_32_BIT_CONVERSION = YES;
				GCC_WARN_ABOUT_RETURN_TYPE = YES_ERROR;
				GCC_WARN_UNDECLARED_SELECTOR = YES;
				GCC_WARN_UNINITIALIZED_AUTOS = YES_AGGRESSIVE;
				GCC_WARN_UNUSED_FUNCTION = YES;
				GCC_WARN_UNUSED_VARIABLE = YES;
				LOCALIZATION_PREFERS_STRING_CATALOGS = YES;
				MACOSX_DEPLOYMENT_TARGET = 13.0;
				MTL_ENABLE_DEBUG_INFO = NO;
				MTL_FAST_MATH = YES;
				SDKROOT = macosx;
				SWIFT_COMPILATION_MODE = wholemodule;
				SWIFT_VERSION = 5.9;
			};
			name = Release;
		};
		118AE0292FCF2F87003D1C41 /* Debug */ = {
			isa = XCBuildConfiguration;
			buildSettings = {
				ASSETCATALOG_COMPILER_APPICON_NAME = AppIcon;
				ASSETCATALOG_COMPILER_GLOBAL_ACCENT_COLOR_NAME = AccentColor;
				CODE_SIGN_ENTITLEMENTS = "SVG Glance/SVGlance.entitlements";
				CODE_SIGN_STYLE = Automatic;
				COMBINE_HIDPI_IMAGES = YES;
				CURRENT_PROJECT_VERSION = 5;
				DEVELOPMENT_TEAM = 2M22F8FTD7;
				ENABLE_APP_SANDBOX = YES;
				ENABLE_HARDENED_RUNTIME = YES;
				ENABLE_PREVIEWS = YES;
				ENABLE_USER_SELECTED_FILES = readwrite;
				GENERATE_INFOPLIST_FILE = NO;
				INFOPLIST_FILE = "SVG Glance/Info.plist";
				LD_RUNPATH_SEARCH_PATHS = (
					"$(inherited)",
					"@executable_path/../Frameworks",
				);
				MACOSX_DEPLOYMENT_TARGET = 13.0;
				MARKETING_VERSION = 0.1.4;
				PRODUCT_BUNDLE_IDENTIFIER = com.svglance.app;
				PRODUCT_NAME = SVGlance;
				STRING_CATALOG_GENERATE_SYMBOLS = YES;
				SWIFT_VERSION = 5.9;
			};
			name = Debug;
		};
		118AE02A2FCF2F87003D1C41 /* Release */ = {
			isa = XCBuildConfiguration;
			buildSettings = {
				ASSETCATALOG_COMPILER_APPICON_NAME = AppIcon;
				ASSETCATALOG_COMPILER_GLOBAL_ACCENT_COLOR_NAME = AccentColor;
				CODE_SIGN_ENTITLEMENTS = "SVG Glance/SVGlance.entitlements";
				CODE_SIGN_STYLE = Automatic;
				COMBINE_HIDPI_IMAGES = YES;
				CURRENT_PROJECT_VERSION = 5;
				DEVELOPMENT_TEAM = 2M22F8FTD7;
				ENABLE_APP_SANDBOX = YES;
				ENABLE_HARDENED_RUNTIME = YES;
				ENABLE_PREVIEWS = YES;
				ENABLE_USER_SELECTED_FILES = readwrite;
				GENERATE_INFOPLIST_FILE = NO;
				INFOPLIST_FILE = "SVG Glance/Info.plist";
				LD_RUNPATH_SEARCH_PATHS = (
					"$(inherited)",
					"@executable_path/../Frameworks",
				);
				MACOSX_DEPLOYMENT_TARGET = 13.0;
				MARKETING_VERSION = 0.1.4;
				PRODUCT_BUNDLE_IDENTIFIER = com.svglance.app;
				PRODUCT_NAME = SVGlance;
				STRING_CATALOG_GENERATE_SYMBOLS = YES;
				SWIFT_VERSION = 5.9;
			};
			name = Release;
		};
		A10000000000000000000071 /* Debug */ = {
			isa = XCBuildConfiguration;
			buildSettings = {
				APPLICATION_EXTENSION_API_ONLY = YES;
				CODE_SIGN_ENTITLEMENTS = SVGlanceQuickLook/SVGlanceQuickLook.entitlements;
				CODE_SIGN_STYLE = Automatic;
				COMBINE_HIDPI_IMAGES = YES;
				CURRENT_PROJECT_VERSION = 5;
				DEVELOPMENT_TEAM = 2M22F8FTD7;
				ENABLE_APP_SANDBOX = YES;
				ENABLE_HARDENED_RUNTIME = YES;
				ENABLE_USER_SELECTED_FILES = readonly;
				GENERATE_INFOPLIST_FILE = NO;
				INFOPLIST_FILE = SVGlanceQuickLook/Info.plist;
				LD_RUNPATH_SEARCH_PATHS = (
					"$(inherited)",
					"@executable_path/../Frameworks",
					"@executable_path/../../../../Frameworks",
				);
				MACOSX_DEPLOYMENT_TARGET = 13.0;
				MARKETING_VERSION = 0.1.4;
				PRODUCT_BUNDLE_IDENTIFIER = com.svglance.app.quicklook;
				PRODUCT_NAME = "$(TARGET_NAME)";
				SKIP_INSTALL = YES;
				STRING_CATALOG_GENERATE_SYMBOLS = YES;
				SWIFT_VERSION = 5.9;
			};
			name = Debug;
		};
		A10000000000000000000072 /* Release */ = {
			isa = XCBuildConfiguration;
			buildSettings = {
				APPLICATION_EXTENSION_API_ONLY = YES;
				CODE_SIGN_ENTITLEMENTS = SVGlanceQuickLook/SVGlanceQuickLook.entitlements;
				CODE_SIGN_STYLE = Automatic;
				COMBINE_HIDPI_IMAGES = YES;
				CURRENT_PROJECT_VERSION = 5;
				DEVELOPMENT_TEAM = 2M22F8FTD7;
				ENABLE_APP_SANDBOX = YES;
				ENABLE_HARDENED_RUNTIME = YES;
				ENABLE_USER_SELECTED_FILES = readonly;
				GENERATE_INFOPLIST_FILE = NO;
				INFOPLIST_FILE = SVGlanceQuickLook/Info.plist;
				LD_RUNPATH_SEARCH_PATHS = (
					"$(inherited)",
					"@executable_path/../Frameworks",
					"@executable_path/../../../../Frameworks",
				);
				MACOSX_DEPLOYMENT_TARGET = 13.0;
				MARKETING_VERSION = 0.1.4;
				PRODUCT_BUNDLE_IDENTIFIER = com.svglance.app.quicklook;
				PRODUCT_NAME = "$(TARGET_NAME)";
				SKIP_INSTALL = YES;
				STRING_CATALOG_GENERATE_SYMBOLS = YES;
				SWIFT_VERSION = 5.9;
			};
			name = Release;
		};
		A10000000000000000000074 /* Debug */ = {
			isa = XCBuildConfiguration;
			buildSettings = {
				APPLICATION_EXTENSION_API_ONLY = YES;
				CODE_SIGN_ENTITLEMENTS = SVGlanceThumbnail/SVGlanceThumbnail.entitlements;
				CODE_SIGN_STYLE = Automatic;
				COMBINE_HIDPI_IMAGES = YES;
				CURRENT_PROJECT_VERSION = 5;
				DEVELOPMENT_TEAM = 2M22F8FTD7;
				ENABLE_APP_SANDBOX = YES;
				ENABLE_HARDENED_RUNTIME = YES;
				ENABLE_USER_SELECTED_FILES = readonly;
				GENERATE_INFOPLIST_FILE = NO;
				INFOPLIST_FILE = SVGlanceThumbnail/Info.plist;
				LD_RUNPATH_SEARCH_PATHS = (
					"$(inherited)",
					"@executable_path/../Frameworks",
					"@executable_path/../../../../Frameworks",
				);
				MACOSX_DEPLOYMENT_TARGET = 13.0;
				MARKETING_VERSION = 0.1.4;
				PRODUCT_BUNDLE_IDENTIFIER = com.svglance.app.thumbnail;
				PRODUCT_NAME = "$(TARGET_NAME)";
				SKIP_INSTALL = YES;
				STRING_CATALOG_GENERATE_SYMBOLS = YES;
				SWIFT_VERSION = 5.9;
			};
			name = Debug;
		};
		A10000000000000000000075 /* Release */ = {
			isa = XCBuildConfiguration;
			buildSettings = {
				APPLICATION_EXTENSION_API_ONLY = YES;
				CODE_SIGN_ENTITLEMENTS = SVGlanceThumbnail/SVGlanceThumbnail.entitlements;
				CODE_SIGN_STYLE = Automatic;
				COMBINE_HIDPI_IMAGES = YES;
				CURRENT_PROJECT_VERSION = 5;
				DEVELOPMENT_TEAM = 2M22F8FTD7;
				ENABLE_APP_SANDBOX = YES;
				ENABLE_HARDENED_RUNTIME = YES;
				ENABLE_USER_SELECTED_FILES = readonly;
				GENERATE_INFOPLIST_FILE = NO;
				INFOPLIST_FILE = SVGlanceThumbnail/Info.plist;
				LD_RUNPATH_SEARCH_PATHS = (
					"$(inherited)",
					"@executable_path/../Frameworks",
					"@executable_path/../../../../Frameworks",
				);
				MACOSX_DEPLOYMENT_TARGET = 13.0;
				MARKETING_VERSION = 0.1.4;
				PRODUCT_BUNDLE_IDENTIFIER = com.svglance.app.thumbnail;
				PRODUCT_NAME = "$(TARGET_NAME)";
				SKIP_INSTALL = YES;
				STRING_CATALOG_GENERATE_SYMBOLS = YES;
				SWIFT_VERSION = 5.9;
			};
			name = Release;
		};
/* End XCBuildConfiguration section */

/* Begin XCConfigurationList section */
		118AE0182FCF2F85003D1C41 /* Build configuration list for PBXProject "SVG Glance" */ = {
			isa = XCConfigurationList;
			buildConfigurations = (
				118AE0262FCF2F87003D1C41 /* Debug */,
				118AE0272FCF2F87003D1C41 /* Release */,
			);
			defaultConfigurationIsVisible = 0;
			defaultConfigurationName = Release;
		};
		118AE0282FCF2F87003D1C41 /* Build configuration list for PBXNativeTarget "SVGlance" */ = {
			isa = XCConfigurationList;
			buildConfigurations = (
				118AE0292FCF2F87003D1C41 /* Debug */,
				118AE02A2FCF2F87003D1C41 /* Release */,
			);
			defaultConfigurationIsVisible = 0;
			defaultConfigurationName = Release;
		};
		A10000000000000000000070 /* Build configuration list for PBXNativeTarget "SVGlanceQuickLook" */ = {
			isa = XCConfigurationList;
			buildConfigurations = (
				A10000000000000000000071 /* Debug */,
				A10000000000000000000072 /* Release */,
			);
			defaultConfigurationIsVisible = 0;
			defaultConfigurationName = Release;
		};
		A10000000000000000000073 /* Build configuration list for PBXNativeTarget "SVGlanceThumbnail" */ = {
			isa = XCConfigurationList;
			buildConfigurations = (
				A10000000000000000000074 /* Debug */,
				A10000000000000000000075 /* Release */,
			);
			defaultConfigurationIsVisible = 0;
			defaultConfigurationName = Release;
		};
/* End XCConfigurationList section */
	};
	rootObject = 118AE0152FCF2F85003D1C41 /* Project object */;
}
